
Microsoft Visual Studio Solution File, Format Version 12.00
# Visual Studio Version 17
VisualStudioVersion = 17.12.35527.113
MinimumVisualStudioVersion = 10.0.40219.1
Project("{FAE04EC0-301F-11D3-BF4B-00C04F79EFBC}") = "ManipalUniversityDubai", "Program1\ManipalUniversityDubai.csproj", "{14B5E7D7-DA9C-4DBF-8979-24C825B228CD}"
EndProject
Project("{FAE04EC0-301F-11D3-BF4B-00C04F79EFBC}") = "MUDTestProject", "TestProject1\MUDTestProject.csproj", "{203CE491-45E0-4FC3-8347-509B6DA8DF71}"
EndProject
Global
	GlobalSection(SolutionConfigurationPlatforms) = preSolution
		Debug|Any CPU = Debug|Any CPU
		Release|Any CPU = Release|Any CPU
	EndGlobalSection
	GlobalSection(ProjectConfigurationPlatforms) = postSolution
		{14B5E7D7-DA9C-4DBF-8979-24C825B228CD}.Debug|Any CPU.ActiveCfg = Debug|Any CPU
		{14B5E7D7-DA9C-4DBF-8979-24C825B228CD}.Debug|Any CPU.Build.0 = Debug|Any CPU
		{14B5E7D7-DA9C-4DBF-8979-24C825B228CD}.Release|Any CPU.ActiveCfg = Release|Any CPU
		{14B5E7D7-DA9C-4DBF-8979-24C825B228CD}.Release|Any CPU.Build.0 = Release|Any CPU
		{203CE491-45E0-4FC3-8347-509B6DA8DF71}.Debug|Any CPU.ActiveCfg = Debug|Any CPU
		{203CE491-45E0-4FC3-8347-509B6DA8DF71}.Debug|Any CPU.Build.0 = Debug|Any CPU
		{203CE491-45E0-4FC3-8347-509B6DA8DF71}.Release|Any CPU.ActiveCfg = Release|Any CPU
		{203CE491-45E0-4FC3-8347-509B6DA8DF71}.Release|Any CPU.Build.0 = Release|Any CPU
	EndGlobalSection
	GlobalSection(SolutionProperties) = preSolution
		HideSolutionNode = FALSE
	EndGlobalSection
EndGlobal
